
Microsoft Visual Studio Solution File, Format Version 12.00
# Visual Studio Version 16
VisualStudioVersion = 16.0.31911.196
MinimumVisualStudioVersion = 10.0.40219.1
Project("{FAE04EC0-301F-11D3-BF4B-00C04F79EFBC}") = "AssignmentPractice", "AssignmentPractice\AssignmentPractice.csproj", "{A657E836-4FF1-41FF-BA7D-915C7128FB75}"
EndProject
Global
	GlobalSection(SolutionConfigurationPlatforms) = preSolution
		Debug|Any CPU = Debug|Any CPU
		Release|Any CPU = Release|Any CPU
	EndGlobalSection
	GlobalSection(ProjectConfigurationPlatforms) = postSolution
		{A657E836-4FF1-41FF-BA7D-915C7128FB75}.Debug|Any CPU.ActiveCfg = Debug|Any CPU
		{A657E836-4FF1-41FF-BA7D-915C7128FB75}.Debug|Any CPU.Build.0 = Debug|Any CPU
		{A657E836-4FF1-41FF-BA7D-915C7128FB75}.Release|Any CPU.ActiveCfg = Release|Any CPU
		{A657E836-4FF1-41FF-BA7D-915C7128FB75}.Release|Any CPU.Build.0 = Release|Any CPU
	EndGlobalSection
	GlobalSection(SolutionProperties) = preSolution
		HideSolutionNode = FALSE
	EndGlobalSection
	GlobalSection(ExtensibilityGlobals) = postSolution
		SolutionGuid = {200C799D-A1CB-4BCB-A0F8-9A62577C0C14}
	EndGlobalSection
EndGlobal
