
Microsoft Visual Studio Solution File, Format Version 12.00
# Visual Studio Version 16
VisualStudioVersion = 16.0.31911.196
MinimumVisualStudioVersion = 10.0.40219.1
Project("{FAE04EC0-301F-11D3-BF4B-00C04F79EFBC}") = "Interface", "Interface\Interface.csproj", "{A208E074-4FCE-4A9E-B4A2-F93BECA40BC9}"
EndProject
Global
	GlobalSection(SolutionConfigurationPlatforms) = preSolution
		Debug|Any CPU = Debug|Any CPU
		Release|Any CPU = Release|Any CPU
	EndGlobalSection
	GlobalSection(ProjectConfigurationPlatforms) = postSolution
		{A208E074-4FCE-4A9E-B4A2-F93BECA40BC9}.Debug|Any CPU.ActiveCfg = Debug|Any CPU
		{A208E074-4FCE-4A9E-B4A2-F93BECA40BC9}.Debug|Any CPU.Build.0 = Debug|Any CPU
		{A208E074-4FCE-4A9E-B4A2-F93BECA40BC9}.Release|Any CPU.ActiveCfg = Release|Any CPU
		{A208E074-4FCE-4A9E-B4A2-F93BECA40BC9}.Release|Any CPU.Build.0 = Release|Any CPU
	EndGlobalSection
	GlobalSection(SolutionProperties) = preSolution
		HideSolutionNode = FALSE
	EndGlobalSection
	GlobalSection(ExtensibilityGlobals) = postSolution
		SolutionGuid = {67697DE3-CB6A-4932-AA4C-E4F26FED25BE}
	EndGlobalSection
EndGlobal
