
Microsoft Visual Studio Solution File, Format Version 12.00
# Visual Studio Version 16
VisualStudioVersion = 16.0.31911.196
MinimumVisualStudioVersion = 10.0.40219.1
Project("{FAE04EC0-301F-11D3-BF4B-00C04F79EFBC}") = "PartimeJob", "PartimeJob\PartimeJob.csproj", "{F79B9AFB-0BFF-4967-8F38-C25C546C837A}"
EndProject
Global
	GlobalSection(SolutionConfigurationPlatforms) = preSolution
		Debug|Any CPU = Debug|Any CPU
		Release|Any CPU = Release|Any CPU
	EndGlobalSection
	GlobalSection(ProjectConfigurationPlatforms) = postSolution
		{F79B9AFB-0BFF-4967-8F38-C25C546C837A}.Debug|Any CPU.ActiveCfg = Debug|Any CPU
		{F79B9AFB-0BFF-4967-8F38-C25C546C837A}.Debug|Any CPU.Build.0 = Debug|Any CPU
		{F79B9AFB-0BFF-4967-8F38-C25C546C837A}.Release|Any CPU.ActiveCfg = Release|Any CPU
		{F79B9AFB-0BFF-4967-8F38-C25C546C837A}.Release|Any CPU.Build.0 = Release|Any CPU
	EndGlobalSection
	GlobalSection(SolutionProperties) = preSolution
		HideSolutionNode = FALSE
	EndGlobalSection
	GlobalSection(ExtensibilityGlobals) = postSolution
		SolutionGuid = {F060CBAF-0F73-47A5-8225-F0141CA588A3}
	EndGlobalSection
EndGlobal
